// !$*UTF8*$!
{
	archiveVersion = 1;
	classes = {
	};
	objectVersion = 46;
	objects = {

/* Begin PBXBuildFile section */
		0C026CF41D1675E900850D9A /* Main.storyboard in Resources */ = {isa = PBXBuildFile; fileRef = 0C0C772C1D1663A3001C9F64 /* Main.storyboard */; };
		0C026CF51D1676CB00850D9A /* AppDelegate.swift in Sources */ = {isa = PBXBuildFile; fileRef = 0C0C77281D1663A3001C9F64 /* AppDelegate.swift */; };
		0C0C77291D1663A3001C9F64 /* AppDelegate.swift in Sources */ = {isa = PBXBuildFile; fileRef = 0C0C77281D1663A3001C9F64 /* AppDelegate.swift */; };
		0C0C772B1D1663A3001C9F64 /* ViewController.swift in Sources */ = {isa = PBXBuildFile; fileRef = 0C0C772A1D1663A3001C9F64 /* ViewController.swift */; };
		0C0C772E1D1663A3001C9F64 /* Main.storyboard in Resources */ = {isa = PBXBuildFile; fileRef = 0C0C772C1D1663A3001C9F64 /* Main.storyboard */; };
		0C0C77301D1663A3001C9F64 /* Images.xcassets in Resources */ = {isa = PBXBuildFile; fileRef = 0C0C772F1D1663A3001C9F64 /* Images.xcassets */; };
		0C0C77331D1663A3001C9F64 /* LaunchScreen.xib in Resources */ = {isa = PBXBuildFile; fileRef = 0C0C77311D1663A3001C9F64 /* LaunchScreen.xib */; };
		0C0C773F1D1663A3001C9F64 /* Flight6Tests.swift in Sources */ = {isa = PBXBuildFile; fileRef = 0C0C773E1D1663A3001C9F64 /* Flight6Tests.swift */; };
		0C0C77491D1669C8001C9F64 /* WorkoutCell.swift in Sources */ = {isa = PBXBuildFile; fileRef = 0C0C77481D1669C8001C9F64 /* WorkoutCell.swift */; };
		0C0C774A1D1669C8001C9F64 /* WorkoutCell.swift in Sources */ = {isa = PBXBuildFile; fileRef = 0C0C77481D1669C8001C9F64 /* WorkoutCell.swift */; };
		0C0C774D1D166B99001C9F64 /* ChameleonFramework.framework in Frameworks */ = {isa = PBXBuildFile; fileRef = 0C0C774B1D166B99001C9F64 /* ChameleonFramework.framework */; settings = {ATTRIBUTES = (Weak, ); }; };
		0C0C774E1D166B99001C9F64 /* MZTimerLabel.framework in Frameworks */ = {isa = PBXBuildFile; fileRef = 0C0C774C1D166B99001C9F64 /* MZTimerLabel.framework */; settings = {ATTRIBUTES = (Weak, ); }; };
		0C0C77501D166BF2001C9F64 /* Workout.swift in Sources */ = {isa = PBXBuildFile; fileRef = 0C0C774F1D166BF2001C9F64 /* Workout.swift */; };
		0C56B6F51D19CAB00042F3DB /* ViewController.swift in Sources */ = {isa = PBXBuildFile; fileRef = 0C0C772A1D1663A3001C9F64 /* ViewController.swift */; };
		0CA543051D16796300A6D426 /* DetailViewController.swift in Sources */ = {isa = PBXBuildFile; fileRef = 0CA543041D16796300A6D426 /* DetailViewController.swift */; };
		0CA543061D16796300A6D426 /* DetailViewController.swift in Sources */ = {isa = PBXBuildFile; fileRef = 0CA543041D16796300A6D426 /* DetailViewController.swift */; };
		0CC1A9CB1D1863300075D58F /* JWGCircleCounter.framework in Frameworks */ = {isa = PBXBuildFile; fileRef = 0CC1A9CA1D1863300075D58F /* JWGCircleCounter.framework */; };
		0CC1A9CD1D1972B00075D58F /* noun_106348_cc.png in Resources */ = {isa = PBXBuildFile; fileRef = 0CC1A9CC1D1972B00075D58F /* noun_106348_cc.png */; };
		0CC1A9CE1D1972B00075D58F /* noun_106348_cc.png in Resources */ = {isa = PBXBuildFile; fileRef = 0CC1A9CC1D1972B00075D58F /* noun_106348_cc.png */; };
		0CC1A9D01D19753F0075D58F /* HelpPage.swift in Sources */ = {isa = PBXBuildFile; fileRef = 0CC1A9CF1D19753F0075D58F /* HelpPage.swift */; };
		0CC1A9D11D19753F0075D58F /* HelpPage.swift in Sources */ = {isa = PBXBuildFile; fileRef = 0CC1A9CF1D19753F0075D58F /* HelpPage.swift */; };
		0CCA640B1D1704D2001E5A1F /* ChameleonFramework.framework in Frameworks */ = {isa = PBXBuildFile; fileRef = 0CCA64081D1704D2001E5A1F /* ChameleonFramework.framework */; settings = {ATTRIBUTES = (Weak, ); }; };
		0CCA640D1D1704D2001E5A1F /* MZTimerLabel.framework in Frameworks */ = {isa = PBXBuildFile; fileRef = 0CCA640A1D1704D2001E5A1F /* MZTimerLabel.framework */; settings = {ATTRIBUTES = (Weak, ); }; };
		0CCA640F1D182159001E5A1F /* MBCircularProgressBar.framework in Frameworks */ = {isa = PBXBuildFile; fileRef = 0CCA640E1D182159001E5A1F /* MBCircularProgressBar.framework */; settings = {ATTRIBUTES = (Weak, ); }; };
		0CCA64111D182160001E5A1F /* MBCircularProgressBar.framework in Frameworks */ = {isa = PBXBuildFile; fileRef = 0CCA64101D182160001E5A1F /* MBCircularProgressBar.framework */; settings = {ATTRIBUTES = (Weak, ); }; };
		0CCEB5941D166D5E008A18E8 /* WorkoutDatasource.swift in Sources */ = {isa = PBXBuildFile; fileRef = 0CCEB5931D166D5E008A18E8 /* WorkoutDatasource.swift */; };
		0CCEB5951D166D5E008A18E8 /* WorkoutDatasource.swift in Sources */ = {isa = PBXBuildFile; fileRef = 0CCEB5931D166D5E008A18E8 /* WorkoutDatasource.swift */; };
		0CCEB5971D166D7E008A18E8 /* WorkoutViewController.swift in Sources */ = {isa = PBXBuildFile; fileRef = 0CCEB5961D166D7E008A18E8 /* WorkoutViewController.swift */; };
		0CCEB5981D166D7E008A18E8 /* WorkoutViewController.swift in Sources */ = {isa = PBXBuildFile; fileRef = 0CCEB5961D166D7E008A18E8 /* WorkoutViewController.swift */; };
		0CCEB59A1D166DB7008A18E8 /* MainViewController.swift in Sources */ = {isa = PBXBuildFile; fileRef = 0CCEB5991D166DB7008A18E8 /* MainViewController.swift */; };
		0CCEB59B1D166DB7008A18E8 /* MainViewController.swift in Sources */ = {isa = PBXBuildFile; fileRef = 0CCEB5991D166DB7008A18E8 /* MainViewController.swift */; };
		0CCEB59C1D1670BE008A18E8 /* Workout.swift in Sources */ = {isa = PBXBuildFile; fileRef = 0C0C774F1D166BF2001C9F64 /* Workout.swift */; };
		274B2B0893FF3729F4592969 /* Pods_Flight6_Flight6Tests.framework in Frameworks */ = {isa = PBXBuildFile; fileRef = D730E63C4B7AF2E730F9E882 /* Pods_Flight6_Flight6Tests.framework */; };
		902220AF22F639C7E8D19480 /* Pods_Flight6.framework in Frameworks */ = {isa = PBXBuildFile; fileRef = D0391C05176166EDA5AB9A2C /* Pods_Flight6.framework */; };
/* End PBXBuildFile section */

/* Begin PBXContainerItemProxy section */
		0C0C77391D1663A3001C9F64 /* PBXContainerItemProxy */ = {
			isa = PBXContainerItemProxy;
			containerPortal = 0C0C771B1D1663A3001C9F64 /* Project object */;
			proxyType = 1;
			remoteGlobalIDString = 0C0C77221D1663A3001C9F64;
			remoteInfo = Flight6;
		};
/* End PBXContainerItemProxy section */

/* Begin PBXFileReference section */
		0C0C77231D1663A3001C9F64 /* Flight6.app */ = {isa = PBXFileReference; explicitFileType = wrapper.application; includeInIndex = 0; path = Flight6.app; sourceTree = BUILT_PRODUCTS_DIR; };
		0C0C77271D1663A3001C9F64 /* Info.plist */ = {isa = PBXFileReference; lastKnownFileType = text.plist.xml; path = Info.plist; sourceTree = "<group>"; };
		0C0C77281D1663A3001C9F64 /* AppDelegate.swift */ = {isa = PBXFileReference; lastKnownFileType = sourcecode.swift; path = AppDelegate.swift; sourceTree = "<group>"; };
		0C0C772A1D1663A3001C9F64 /* ViewController.swift */ = {isa = PBXFileReference; lastKnownFileType = sourcecode.swift; path = ViewController.swift; sourceTree = "<group>"; };
		0C0C772D1D1663A3001C9F64 /* Base */ = {isa = PBXFileReference; lastKnownFileType = file.storyboard; name = Base; path = Base.lproj/Main.storyboard; sourceTree = "<group>"; };
		0C0C772F1D1663A3001C9F64 /* Images.xcassets */ = {isa = PBXFileReference; lastKnownFileType = folder.assetcatalog; path = Images.xcassets; sourceTree = "<group>"; };
		0C0C77321D1663A3001C9F64 /* Base */ = {isa = PBXFileReference; lastKnownFileType = file.xib; name = Base; path = Base.lproj/LaunchScreen.xib; sourceTree = "<group>"; };
		0C0C77381D1663A3001C9F64 /* Flight6Tests.xctest */ = {isa = PBXFileReference; explicitFileType = wrapper.cfbundle; includeInIndex = 0; path = Flight6Tests.xctest; sourceTree = BUILT_PRODUCTS_DIR; };
		0C0C773D1D1663A3001C9F64 /* Info.plist */ = {isa = PBXFileReference; lastKnownFileType = text.plist.xml; path = Info.plist; sourceTree = "<group>"; };
		0C0C773E1D1663A3001C9F64 /* Flight6Tests.swift */ = {isa = PBXFileReference; lastKnownFileType = sourcecode.swift; path = Flight6Tests.swift; sourceTree = "<group>"; };
		0C0C77481D1669C8001C9F64 /* WorkoutCell.swift */ = {isa = PBXFileReference; fileEncoding = 4; lastKnownFileType = sourcecode.swift; path = WorkoutCell.swift; sourceTree = "<group>"; };
		0C0C774B1D166B99001C9F64 /* ChameleonFramework.framework */ = {isa = PBXFileReference; lastKnownFileType = wrapper.framework; name = ChameleonFramework.framework; path = "Pods/../build/Debug-iphoneos/ChameleonFramework/ChameleonFramework.framework"; sourceTree = "<group>"; };
		0C0C774C1D166B99001C9F64 /* MZTimerLabel.framework */ = {isa = PBXFileReference; lastKnownFileType = wrapper.framework; name = MZTimerLabel.framework; path = "Pods/../build/Debug-iphoneos/MZTimerLabel/MZTimerLabel.framework"; sourceTree = "<group>"; };
		0C0C774F1D166BF2001C9F64 /* Workout.swift */ = {isa = PBXFileReference; fileEncoding = 4; lastKnownFileType = sourcecode.swift; path = Workout.swift; sourceTree = "<group>"; };
		0CA543041D16796300A6D426 /* DetailViewController.swift */ = {isa = PBXFileReference; fileEncoding = 4; lastKnownFileType = sourcecode.swift; path = DetailViewController.swift; sourceTree = "<group>"; };
		0CC1A9CA1D1863300075D58F /* JWGCircleCounter.framework */ = {isa = PBXFileReference; lastKnownFileType = wrapper.framework; name = JWGCircleCounter.framework; path = "Pods/../build/Debug-iphoneos/JWGCircleCounter/JWGCircleCounter.framework"; sourceTree = "<group>"; };
		0CC1A9CC1D1972B00075D58F /* noun_106348_cc.png */ = {isa = PBXFileReference; lastKnownFileType = image.png; path = noun_106348_cc.png; sourceTree = "<group>"; };
		0CC1A9CF1D19753F0075D58F /* HelpPage.swift */ = {isa = PBXFileReference; fileEncoding = 4; lastKnownFileType = sourcecode.swift; path = HelpPage.swift; sourceTree = "<group>"; };
		0CCA64051D17038A001E5A1F /* KDCircularProgress.framework */ = {isa = PBXFileReference; lastKnownFileType = wrapper.framework; name = KDCircularProgress.framework; path = "Pods/../build/Debug-iphoneos/KDCircularProgress/KDCircularProgress.framework"; sourceTree = "<group>"; };
		0CCA64081D1704D2001E5A1F /* ChameleonFramework.framework */ = {isa = PBXFileReference; lastKnownFileType = wrapper.framework; name = ChameleonFramework.framework; path = "Pods/../build/Debug-iphoneos/ChameleonFramework/ChameleonFramework.framework"; sourceTree = "<group>"; };
		0CCA64091D1704D2001E5A1F /* KDCircularProgress.framework */ = {isa = PBXFileReference; lastKnownFileType = wrapper.framework; name = KDCircularProgress.framework; path = "Pods/../build/Debug-iphoneos/KDCircularProgress/KDCircularProgress.framework"; sourceTree = "<group>"; };
		0CCA640A1D1704D2001E5A1F /* MZTimerLabel.framework */ = {isa = PBXFileReference; lastKnownFileType = wrapper.framework; name = MZTimerLabel.framework; path = "Pods/../build/Debug-iphoneos/MZTimerLabel/MZTimerLabel.framework"; sourceTree = "<group>"; };
		0CCA640E1D182159001E5A1F /* MBCircularProgressBar.framework */ = {isa = PBXFileReference; lastKnownFileType = wrapper.framework; name = MBCircularProgressBar.framework; path = "Pods/../build/Debug-iphoneos/MBCircularProgressBar/MBCircularProgressBar.framework"; sourceTree = "<group>"; };
		0CCA64101D182160001E5A1F /* MBCircularProgressBar.framework */ = {isa = PBXFileReference; lastKnownFileType = wrapper.framework; name = MBCircularProgressBar.framework; path = "Pods/../build/Debug-iphoneos/MBCircularProgressBar/MBCircularProgressBar.framework"; sourceTree = "<group>"; };
		0CCEB5931D166D5E008A18E8 /* WorkoutDatasource.swift */ = {isa = PBXFileReference; fileEncoding = 4; lastKnownFileType = sourcecode.swift; path = WorkoutDatasource.swift; sourceTree = "<group>"; };
		0CCEB5961D166D7E008A18E8 /* WorkoutViewController.swift */ = {isa = PBXFileReference; fileEncoding = 4; lastKnownFileType = sourcecode.swift; path = WorkoutViewController.swift; sourceTree = "<group>"; };
		0CCEB5991D166DB7008A18E8 /* MainViewController.swift */ = {isa = PBXFileReference; fileEncoding = 4; lastKnownFileType = sourcecode.swift; path = MainViewController.swift; sourceTree = "<group>"; };
		3A93321CC67853D4D9793EDC /* Pods-Flight6.debug.xcconfig */ = {isa = PBXFileReference; includeInIndex = 1; lastKnownFileType = text.xcconfig; name = "Pods-Flight6.debug.xcconfig"; path = "Pods/Target Support Files/Pods-Flight6/Pods-Flight6.debug.xcconfig"; sourceTree = "<group>"; };
		73269C86D1D12F58396D3770 /* Pods-Flight6-Flight6Tests.debug.xcconfig */ = {isa = PBXFileReference; includeInIndex = 1; lastKnownFileType = text.xcconfig; name = "Pods-Flight6-Flight6Tests.debug.xcconfig"; path = "Pods/Target Support Files/Pods-Flight6-Flight6Tests/Pods-Flight6-Flight6Tests.debug.xcconfig"; sourceTree = "<group>"; };
		9D3F75E433C260C5BC39F7C0 /* Pods-Flight6.release.xcconfig */ = {isa = PBXFileReference; includeInIndex = 1; lastKnownFileType = text.xcconfig; name = "Pods-Flight6.release.xcconfig"; path = "Pods/Target Support Files/Pods-Flight6/Pods-Flight6.release.xcconfig"; sourceTree = "<group>"; };
		AA1B828C3C35C66CF70BC430 /* Pods-Flight6-Flight6Tests.release.xcconfig */ = {isa = PBXFileReference; includeInIndex = 1; lastKnownFileType = text.xcconfig; name = "Pods-Flight6-Flight6Tests.release.xcconfig"; path = "Pods/Target Support Files/Pods-Flight6-Flight6Tests/Pods-Flight6-Flight6Tests.release.xcconfig"; sourceTree = "<group>"; };
		D0391C05176166EDA5AB9A2C /* Pods_Flight6.framework */ = {isa = PBXFileReference; explicitFileType = wrapper.framework; includeInIndex = 0; path = Pods_Flight6.framework; sourceTree = BUILT_PRODUCTS_DIR; };
		D730E63C4B7AF2E730F9E882 /* Pods_Flight6_Flight6Tests.framework */ = {isa = PBXFileReference; explicitFileType = wrapper.framework; includeInIndex = 0; path = Pods_Flight6_Flight6Tests.framework; sourceTree = BUILT_PRODUCTS_DIR; };
/* End PBXFileReference section */

/* Begin PBXFrameworksBuildPhase section */
		0C0C77201D1663A3001C9F64 /* Frameworks */ = {
			isa = PBXFrameworksBuildPhase;
			buildActionMask = 2147483647;
			files = (
				0CC1A9CB1D1863300075D58F /* JWGCircleCounter.framework in Frameworks */,
				0CCA640F1D182159001E5A1F /* MBCircularProgressBar.framework in Frameworks */,
				0C0C774D1D166B99001C9F64 /* ChameleonFramework.framework in Frameworks */,
				0C0C774E1D166B99001C9F64 /* MZTimerLabel.framework in Frameworks */,
				902220AF22F639C7E8D19480 /* Pods_Flight6.framework in Frameworks */,
			);
			runOnlyForDeploymentPostprocessing = 0;
		};
		0C0C77351D1663A3001C9F64 /* Frameworks */ = {
			isa = PBXFrameworksBuildPhase;
			buildActionMask = 2147483647;
			files = (
				0CCA64111D182160001E5A1F /* MBCircularProgressBar.framework in Frameworks */,
				0CCA640B1D1704D2001E5A1F /* ChameleonFramework.framework in Frameworks */,
				0CCA640D1D1704D2001E5A1F /* MZTimerLabel.framework in Frameworks */,
				274B2B0893FF3729F4592969 /* Pods_Flight6_Flight6Tests.framework in Frameworks */,
			);
			runOnlyForDeploymentPostprocessing = 0;
		};
/* End PBXFrameworksBuildPhase section */

/* Begin PBXGroup section */
		08A27484E559259EFD548F6C /* Frameworks */ = {
			isa = PBXGroup;
			children = (
				0CC1A9CA1D1863300075D58F /* JWGCircleCounter.framework */,
				0CCA64101D182160001E5A1F /* MBCircularProgressBar.framework */,
				0CCA640E1D182159001E5A1F /* MBCircularProgressBar.framework */,
				0CCA64081D1704D2001E5A1F /* ChameleonFramework.framework */,
				0CCA64091D1704D2001E5A1F /* KDCircularProgress.framework */,
				0CCA640A1D1704D2001E5A1F /* MZTimerLabel.framework */,
				0CCA64051D17038A001E5A1F /* KDCircularProgress.framework */,
				0C0C774B1D166B99001C9F64 /* ChameleonFramework.framework */,
				0C0C774C1D166B99001C9F64 /* MZTimerLabel.framework */,
				D0391C05176166EDA5AB9A2C /* Pods_Flight6.framework */,
				D730E63C4B7AF2E730F9E882 /* Pods_Flight6_Flight6Tests.framework */,
			);
			name = Frameworks;
			sourceTree = "<group>";
		};
		0C0C771A1D1663A3001C9F64 = {
			isa = PBXGroup;
			children = (
				0C0C77251D1663A3001C9F64 /* Flight6 */,
				0C0C773B1D1663A3001C9F64 /* Flight6Tests */,
				0C0C77241D1663A3001C9F64 /* Products */,
				27782A6CA7B6BB888B9B92E0 /* Pods */,
				08A27484E559259EFD548F6C /* Frameworks */,
			);
			sourceTree = "<group>";
		};
		0C0C77241D1663A3001C9F64 /* Products */ = {
			isa = PBXGroup;
			children = (
				0C0C77231D1663A3001C9F64 /* Flight6.app */,
				0C0C77381D1663A3001C9F64 /* Flight6Tests.xctest */,
			);
			name = Products;
			sourceTree = "<group>";
		};
		0C0C77251D1663A3001C9F64 /* Flight6 */ = {
			isa = PBXGroup;
			children = (
				0C0C77281D1663A3001C9F64 /* AppDelegate.swift */,
				0C0C772A1D1663A3001C9F64 /* ViewController.swift */,
				0C0C772C1D1663A3001C9F64 /* Main.storyboard */,
				0CC1A9CF1D19753F0075D58F /* HelpPage.swift */,
				0CA543041D16796300A6D426 /* DetailViewController.swift */,
				0C0C77481D1669C8001C9F64 /* WorkoutCell.swift */,
				0C0C774F1D166BF2001C9F64 /* Workout.swift */,
				0CCEB5931D166D5E008A18E8 /* WorkoutDatasource.swift */,
				0CCEB5961D166D7E008A18E8 /* WorkoutViewController.swift */,
				0CCEB5991D166DB7008A18E8 /* MainViewController.swift */,
				0C0C772F1D1663A3001C9F64 /* Images.xcassets */,
				0CC1A9CC1D1972B00075D58F /* noun_106348_cc.png */,
				0C0C77311D1663A3001C9F64 /* LaunchScreen.xib */,
				0C0C77261D1663A3001C9F64 /* Supporting Files */,
			);
			path = Flight6;
			sourceTree = "<group>";
		};
		0C0C77261D1663A3001C9F64 /* Supporting Files */ = {
			isa = PBXGroup;
			children = (
				0C0C77271D1663A3001C9F64 /* Info.plist */,
			);
			name = "Supporting Files";
			sourceTree = "<group>";
		};
		0C0C773B1D1663A3001C9F64 /* Flight6Tests */ = {
			isa = PBXGroup;
			children = (
				0C0C773E1D1663A3001C9F64 /* Flight6Tests.swift */,
				0C0C773C1D1663A3001C9F64 /* Supporting Files */,
			);
			path = Flight6Tests;
			sourceTree = "<group>";
		};
		0C0C773C1D1663A3001C9F64 /* Supporting Files */ = {
			isa = PBXGroup;
			children = (
				0C0C773D1D1663A3001C9F64 /* Info.plist */,
			);
			name = "Supporting Files";
			sourceTree = "<group>";
		};
		27782A6CA7B6BB888B9B92E0 /* Pods */ = {
			isa = PBXGroup;
			children = (
				3A93321CC67853D4D9793EDC /* Pods-Flight6.debug.xcconfig */,
				9D3F75E433C260C5BC39F7C0 /* Pods-Flight6.release.xcconfig */,
				73269C86D1D12F58396D3770 /* Pods-Flight6-Flight6Tests.debug.xcconfig */,
				AA1B828C3C35C66CF70BC430 /* Pods-Flight6-Flight6Tests.release.xcconfig */,
			);
			name = Pods;
			sourceTree = "<group>";
		};
/* End PBXGroup section */

/* Begin PBXNativeTarget section */
		0C0C77221D1663A3001C9F64 /* Flight6 */ = {
			isa = PBXNativeTarget;
			buildConfigurationList = 0C0C77421D1663A3001C9F64 /* Build configuration list for PBXNativeTarget "Flight6" */;
			buildPhases = (
				A5B9BB3FAEC4C93E11C98359 /* [CP] Check Pods Manifest.lock */,
				0C0C771F1D1663A3001C9F64 /* Sources */,
				0C0C77201D1663A3001C9F64 /* Frameworks */,
				0C0C77211D1663A3001C9F64 /* Resources */,
				1A52B76AFCC673DB11E22CB0 /* [CP] Embed Pods Frameworks */,
				CFC5D42C100CED7FA9AB0D82 /* [CP] Copy Pods Resources */,
			);
			buildRules = (
			);
			dependencies = (
			);
			name = Flight6;
			productName = Flight6;
			productReference = 0C0C77231D1663A3001C9F64 /* Flight6.app */;
			productType = "com.apple.product-type.application";
		};
		0C0C77371D1663A3001C9F64 /* Flight6Tests */ = {
			isa = PBXNativeTarget;
			buildConfigurationList = 0C0C77451D1663A3001C9F64 /* Build configuration list for PBXNativeTarget "Flight6Tests" */;
			buildPhases = (
				B531A3F7CABC6D9BAF0E4A4B /* [CP] Check Pods Manifest.lock */,
				0C0C77341D1663A3001C9F64 /* Sources */,
				0C0C77351D1663A3001C9F64 /* Frameworks */,
				0C0C77361D1663A3001C9F64 /* Resources */,
				78FE912138588367BB37A5D4 /* [CP] Embed Pods Frameworks */,
				A0A33557DEB5FB840AADE277 /* [CP] Copy Pods Resources */,
			);
			buildRules = (
			);
			dependencies = (
				0C0C773A1D1663A3001C9F64 /* PBXTargetDependency */,
			);
			name = Flight6Tests;
			productName = Flight6Tests;
			productReference = 0C0C77381D1663A3001C9F64 /* Flight6Tests.xctest */;
			productType = "com.apple.product-type.bundle.unit-test";
		};
/* End PBXNativeTarget section */

/* Begin PBXProject section */
		0C0C771B1D1663A3001C9F64 /* Project object */ = {
			isa = PBXProject;
			attributes = {
				LastUpgradeCheck = 0640;
				ORGANIZATIONNAME = "Hashma Shahid";
				TargetAttributes = {
					0C0C77221D1663A3001C9F64 = {
						CreatedOnToolsVersion = 6.4;
					};
					0C0C77371D1663A3001C9F64 = {
						CreatedOnToolsVersion = 6.4;
						TestTargetID = 0C0C77221D1663A3001C9F64;
					};
				};
			};
			buildConfigurationList = 0C0C771E1D1663A3001C9F64 /* Build configuration list for PBXProject "Flight6" */;
			compatibilityVersion = "Xcode 3.2";
			developmentRegion = English;
			hasScannedForEncodings = 0;
			knownRegions = (
				en,
				Base,
			);
			mainGroup = 0C0C771A1D1663A3001C9F64;
			productRefGroup = 0C0C77241D1663A3001C9F64 /* Products */;
			projectDirPath = "";
			projectRoot = "";
			targets = (
				0C0C77221D1663A3001C9F64 /* Flight6 */,
				0C0C77371D1663A3001C9F64 /* Flight6Tests */,
			);
		};
/* End PBXProject section */

/* Begin PBXResourcesBuildPhase section */
		0C0C77211D1663A3001C9F64 /* Resources */ = {
			isa = PBXResourcesBuildPhase;
			buildActionMask = 2147483647;
			files = (
				0C0C772E1D1663A3001C9F64 /* Main.storyboard in Resources */,
				0C0C77331D1663A3001C9F64 /* LaunchScreen.xib in Resources */,
				0C0C77301D1663A3001C9F64 /* Images.xcassets in Resources */,
				0CC1A9CD1D1972B00075D58F /* noun_106348_cc.png in Resources */,
			);
			runOnlyForDeploymentPostprocessing = 0;
		};
		0C0C77361D1663A3001C9F64 /* Resources */ = {
			isa = PBXResourcesBuildPhase;
			buildActionMask = 2147483647;
			files = (
				0C026CF41D1675E900850D9A /* Main.storyboard in Resources */,
				0CC1A9CE1D1972B00075D58F /* noun_106348_cc.png in Resources */,
			);
			runOnlyForDeploymentPostprocessing = 0;
		};
/* End PBXResourcesBuildPhase section */

/* Begin PBXShellScriptBuildPhase section */
		1A52B76AFCC673DB11E22CB0 /* [CP] Embed Pods Frameworks */ = {
			isa = PBXShellScriptBuildPhase;
			buildActionMask = 2147483647;
			files = (
			);
			inputPaths = (
			);
			name = "[CP] Embed Pods Frameworks";
			outputPaths = (
			);
			runOnlyForDeploymentPostprocessing = 0;
			shellPath = /bin/sh;
			shellScript = "\"${SRCROOT}/Pods/Target Support Files/Pods-Flight6/Pods-Flight6-frameworks.sh\"\n";
			showEnvVarsInLog = 0;
		};
		78FE912138588367BB37A5D4 /* [CP] Embed Pods Frameworks */ = {
			isa = PBXShellScriptBuildPhase;
			buildActionMask = 2147483647;
			files = (
			);
			inputPaths = (
			);
			name = "[CP] Embed Pods Frameworks";
			outputPaths = (
			);
			runOnlyForDeploymentPostprocessing = 0;
			shellPath = /bin/sh;
			shellScript = "\"${SRCROOT}/Pods/Target Support Files/Pods-Flight6-Flight6Tests/Pods-Flight6-Flight6Tests-frameworks.sh\"\n";
			showEnvVarsInLog = 0;
		};
		A0A33557DEB5FB840AADE277 /* [CP] Copy Pods Resources */ = {
			isa = PBXShellScriptBuildPhase;
			buildActionMask = 2147483647;
			files = (
			);
			inputPaths = (
			);
			name = "[CP] Copy Pods Resources";
			outputPaths = (
			);
			runOnlyForDeploymentPostprocessing = 0;
			shellPath = /bin/sh;
			shellScript = "\"${SRCROOT}/Pods/Target Support Files/Pods-Flight6-Flight6Tests/Pods-Flight6-Flight6Tests-resources.sh\"\n";
			showEnvVarsInLog = 0;
		};
		A5B9BB3FAEC4C93E11C98359 /* [CP] Check Pods Manifest.lock */ = {
			isa = PBXShellScriptBuildPhase;
			buildActionMask = 2147483647;
			files = (
			);
			inputPaths = (
			);
			name = "[CP] Check Pods Manifest.lock";
			outputPaths = (
			);
			runOnlyForDeploymentPostprocessing = 0;
			shellPath = /bin/sh;
			shellScript = "diff \"${PODS_ROOT}/../Podfile.lock\" \"${PODS_ROOT}/Manifest.lock\" > /dev/null\nif [[ $? != 0 ]] ; then\n    cat << EOM\nerror: The sandbox is not in sync with the Podfile.lock. Run 'pod install' or update your CocoaPods installation.\nEOM\n    exit 1\nfi\n";
			showEnvVarsInLog = 0;
		};
		B531A3F7CABC6D9BAF0E4A4B /* [CP] Check Pods Manifest.lock */ = {
			isa = PBXShellScriptBuildPhase;
			buildActionMask = 2147483647;
			files = (
			);
			inputPaths = (
			);
			name = "[CP] Check Pods Manifest.lock";
			outputPaths = (
			);
			runOnlyForDeploymentPostprocessing = 0;
			shellPath = /bin/sh;
			shellScript = "diff \"${PODS_ROOT}/../Podfile.lock\" \"${PODS_ROOT}/Manifest.lock\" > /dev/null\nif [[ $? != 0 ]] ; then\n    cat << EOM\nerror: The sandbox is not in sync with the Podfile.lock. Run 'pod install' or update your CocoaPods installation.\nEOM\n    exit 1\nfi\n";
			showEnvVarsInLog = 0;
		};
		CFC5D42C100CED7FA9AB0D82 /* [CP] Copy Pods Resources */ = {
			isa = PBXShellScriptBuildPhase;
			buildActionMask = 2147483647;
			files = (
			);
			inputPaths = (
			);
			name = "[CP] Copy Pods Resources";
			outputPaths = (
			);
			runOnlyForDeploymentPostprocessing = 0;
			shellPath = /bin/sh;
			shellScript = "\"${SRCROOT}/Pods/Target Support Files/Pods-Flight6/Pods-Flight6-resources.sh\"\n";
			showEnvVarsInLog = 0;
		};
/* End PBXShellScriptBuildPhase section */

/* Begin PBXSourcesBuildPhase section */
		0C0C771F1D1663A3001C9F64 /* Sources */ = {
			isa = PBXSourcesBuildPhase;
			buildActionMask = 2147483647;
			files = (
				0CCEB59A1D166DB7008A18E8 /* MainViewController.swift in Sources */,
				0CCEB5971D166D7E008A18E8 /* WorkoutViewController.swift in Sources */,
				0C0C77491D1669C8001C9F64 /* WorkoutCell.swift in Sources */,
				0C0C772B1D1663A3001C9F64 /* ViewController.swift in Sources */,
				0C0C77291D1663A3001C9F64 /* AppDelegate.swift in Sources */,
				0CC1A9D01D19753F0075D58F /* HelpPage.swift in Sources */,
				0C0C77501D166BF2001C9F64 /* Workout.swift in Sources */,
				0CCEB5941D166D5E008A18E8 /* WorkoutDatasource.swift in Sources */,
				0CA543051D16796300A6D426 /* DetailViewController.swift in Sources */,
			);
			runOnlyForDeploymentPostprocessing = 0;
		};
		0C0C77341D1663A3001C9F64 /* Sources */ = {
			isa = PBXSourcesBuildPhase;
			buildActionMask = 2147483647;
			files = (
				0C56B6F51D19CAB00042F3DB /* ViewController.swift in Sources */,
				0CCEB5981D166D7E008A18E8 /* WorkoutViewController.swift in Sources */,
				0C0C773F1D1663A3001C9F64 /* Flight6Tests.swift in Sources */,
				0CCEB5951D166D5E008A18E8 /* WorkoutDatasource.swift in Sources */,
				0C0C774A1D1669C8001C9F64 /* WorkoutCell.swift in Sources */,
				0C026CF51D1676CB00850D9A /* AppDelegate.swift in Sources */,
				0CC1A9D11D19753F0075D58F /* HelpPage.swift in Sources */,
				0CCEB59B1D166DB7008A18E8 /* MainViewController.swift in Sources */,
				0CCEB59C1D1670BE008A18E8 /* Workout.swift in Sources */,
				0CA543061D16796300A6D426 /* DetailViewController.swift in Sources */,
			);
			runOnlyForDeploymentPostprocessing = 0;
		};
/* End PBXSourcesBuildPhase section */

/* Begin PBXTargetDependency section */
		0C0C773A1D1663A3001C9F64 /* PBXTargetDependency */ = {
			isa = PBXTargetDependency;
			target = 0C0C77221D1663A3001C9F64 /* Flight6 */;
			targetProxy = 0C0C77391D1663A3001C9F64 /* PBXContainerItemProxy */;
		};
/* End PBXTargetDependency section */

/* Begin PBXVariantGroup section */
		0C0C772C1D1663A3001C9F64 /* Main.storyboard */ = {
			isa = PBXVariantGroup;
			children = (
				0C0C772D1D1663A3001C9F64 /* Base */,
			);
			name = Main.storyboard;
			sourceTree = "<group>";
		};
		0C0C77311D1663A3001C9F64 /* LaunchScreen.xib */ = {
			isa = PBXVariantGroup;
			children = (
				0C0C77321D1663A3001C9F64 /* Base */,
			);
			name = LaunchScreen.xib;
			sourceTree = "<group>";
		};
/* End PBXVariantGroup section */

/* Begin XCBuildConfiguration section */
		0C0C77401D1663A3001C9F64 /* Debug */ = {
			isa = XCBuildConfiguration;
			buildSettings = {
				ALWAYS_SEARCH_USER_PATHS = NO;
				CLANG_CXX_LANGUAGE_STANDARD = "gnu++0x";
				CLANG_CXX_LIBRARY = "libc++";
				CLANG_ENABLE_MODULES = YES;
				CLANG_ENABLE_OBJC_ARC = YES;
				CLANG_WARN_BOOL_CONVERSION = YES;
				CLANG_WARN_CONSTANT_CONVERSION = YES;
				CLANG_WARN_DIRECT_OBJC_ISA_USAGE = YES_ERROR;
				CLANG_WARN_EMPTY_BODY = YES;
				CLANG_WARN_ENUM_CONVERSION = YES;
				CLANG_WARN_INT_CONVERSION = YES;
				CLANG_WARN_OBJC_ROOT_CLASS = YES_ERROR;
				CLANG_WARN_UNREACHABLE_CODE = YES;
				CLANG_WARN__DUPLICATE_METHOD_MATCH = YES;
				"CODE_SIGN_IDENTITY[sdk=iphoneos*]" = "iPhone Developer";
				COPY_PHASE_STRIP = NO;
				DEBUG_INFORMATION_FORMAT = "dwarf-with-dsym";
				ENABLE_STRICT_OBJC_MSGSEND = YES;
				GCC_C_LANGUAGE_STANDARD = gnu99;
				GCC_DYNAMIC_NO_PIC = NO;
				GCC_NO_COMMON_BLOCKS = YES;
				GCC_OPTIMIZATION_LEVEL = 0;
				GCC_PREPROCESSOR_DEFINITIONS = (
					"DEBUG=1",
					"$(inherited)",
				);
				GCC_SYMBOLS_PRIVATE_EXTERN = NO;
				GCC_WARN_64_TO_32_BIT_CONVERSION = YES;
				GCC_WARN_ABOUT_RETURN_TYPE = YES_ERROR;
				GCC_WARN_UNDECLARED_SELECTOR = YES;
				GCC_WARN_UNINITIALIZED_AUTOS = YES_AGGRESSIVE;
				GCC_WARN_UNUSED_FUNCTION = YES;
				GCC_WARN_UNUSED_VARIABLE = YES;
				IPHONEOS_DEPLOYMENT_TARGET = 8.4;
				MTL_ENABLE_DEBUG_INFO = YES;
				ONLY_ACTIVE_ARCH = YES;
				SDKROOT = iphoneos;
				SWIFT_OPTIMIZATION_LEVEL = "-Onone";
				TARGETED_DEVICE_FAMILY = "1,2";
			};
			name = Debug;
		};
		0C0C77411D1663A3001C9F64 /* Release */ = {
			isa = XCBuildConfiguration;
			buildSettings = {
				ALWAYS_SEARCH_USER_PATHS = NO;
				CLANG_CXX_LANGUAGE_STANDARD = "gnu++0x";
				CLANG_CXX_LIBRARY = "libc++";
				CLANG_ENABLE_MODULES = YES;
				CLANG_ENABLE_OBJC_ARC = YES;
				CLANG_WARN_BOOL_CONVERSION = YES;
				CLANG_WARN_CONSTANT_CONVERSION = YES;
				CLANG_WARN_DIRECT_OBJC_ISA_USAGE = YES_ERROR;
				CLANG_WARN_EMPTY_BODY = YES;
				CLANG_WARN_ENUM_CONVERSION = YES;
				CLANG_WARN_INT_CONVERSION = YES;
				CLANG_WARN_OBJC_ROOT_CLASS = YES_ERROR;
				CLANG_WARN_UNREACHABLE_CODE = YES;
				CLANG_WARN__DUPLICATE_METHOD_MATCH = YES;
				"CODE_SIGN_IDENTITY[sdk=iphoneos*]" = "iPhone Developer";
				COPY_PHASE_STRIP = NO;
				DEBUG_INFORMATION_FORMAT = "dwarf-with-dsym";
				ENABLE_NS_ASSERTIONS = NO;
				ENABLE_STRICT_OBJC_MSGSEND = YES;
				GCC_C_LANGUAGE_STANDARD = gnu99;
				GCC_NO_COMMON_BLOCKS = YES;
				GCC_WARN_64_TO_32_BIT_CONVERSION = YES;
				GCC_WARN_ABOUT_RETURN_TYPE = YES_ERROR;
				GCC_WARN_UNDECLARED_SELECTOR = YES;
				GCC_WARN_UNINITIALIZED_AUTOS = YES_AGGRESSIVE;
				GCC_WARN_UNUSED_FUNCTION = YES;
				GCC_WARN_UNUSED_VARIABLE = YES;
				IPHONEOS_DEPLOYMENT_TARGET = 8.4;
				MTL_ENABLE_DEBUG_INFO = NO;
				SDKROOT = iphoneos;
				TARGETED_DEVICE_FAMILY = "1,2";
				VALIDATE_PRODUCT = YES;
			};
			name = Release;
		};
		0C0C77431D1663A3001C9F64 /* Debug */ = {
			isa = XCBuildConfiguration;
			baseConfigurationReference = 3A93321CC67853D4D9793EDC /* Pods-Flight6.debug.xcconfig */;
			buildSettings = {
				ASSETCATALOG_COMPILER_APPICON_NAME = AppIcon;
				FRAMEWORK_SEARCH_PATHS = (
					"$(inherited)",
					"$(PROJECT_DIR)/build/Debug-iphoneos/ChameleonFramework",
					"$(PROJECT_DIR)/build/Debug-iphoneos/MZTimerLabel",
					"$(PROJECT_DIR)/build/Debug-iphoneos/KDCircularProgress",
					"$(PROJECT_DIR)/build/Debug-iphoneos/MBCircularProgressBar",
					"$(PROJECT_DIR)/build/Debug-iphoneos/JWGCircleCounter",
				);
				INFOPLIST_FILE = Flight6/Info.plist;
				LD_RUNPATH_SEARCH_PATHS = "$(inherited) @executable_path/Frameworks";
				PRODUCT_NAME = "$(TARGET_NAME)";
			};
			name = Debug;
		};
		0C0C77441D1663A3001C9F64 /* Release */ = {
			isa = XCBuildConfiguration;
			baseConfigurationReference = 9D3F75E433C260C5BC39F7C0 /* Pods-Flight6.release.xcconfig */;
			buildSettings = {
				ASSETCATALOG_COMPILER_APPICON_NAME = AppIcon;
				FRAMEWORK_SEARCH_PATHS = (
					"$(inherited)",
					"$(PROJECT_DIR)/build/Debug-iphoneos/ChameleonFramework",
					"$(PROJECT_DIR)/build/Debug-iphoneos/MZTimerLabel",
					"$(PROJECT_DIR)/build/Debug-iphoneos/KDCircularProgress",
					"$(PROJECT_DIR)/build/Debug-iphoneos/MBCircularProgressBar",
					"$(PROJECT_DIR)/build/Debug-iphoneos/JWGCircleCounter",
				);
				INFOPLIST_FILE = Flight6/Info.plist;
				LD_RUNPATH_SEARCH_PATHS = "$(inherited) @executable_path/Frameworks";
				PRODUCT_NAME = "$(TARGET_NAME)";
			};
			name = Release;
		};
		0C0C77461D1663A3001C9F64 /* Debug */ = {
			isa = XCBuildConfiguration;
			baseConfigurationReference = 73269C86D1D12F58396D3770 /* Pods-Flight6-Flight6Tests.debug.xcconfig */;
			buildSettings = {
				BUNDLE_LOADER = "$(TEST_HOST)";
				FRAMEWORK_SEARCH_PATHS = (
					"$(SDKROOT)/Developer/Library/Frameworks",
					"$(inherited)",
					"$(PROJECT_DIR)/build/Debug-iphoneos/ChameleonFramework",
					"$(PROJECT_DIR)/build/Debug-iphoneos/KDCircularProgress",
					"$(PROJECT_DIR)/build/Debug-iphoneos/MZTimerLabel",
					"$(PROJECT_DIR)/build/Debug-iphoneos/MBCircularProgressBar",
				);
				GCC_PREPROCESSOR_DEFINITIONS = (
					"DEBUG=1",
					"$(inherited)",
				);
				INFOPLIST_FILE = Flight6Tests/Info.plist;
				LD_RUNPATH_SEARCH_PATHS = "$(inherited) @executable_path/Frameworks @loader_path/Frameworks";
				PRODUCT_NAME = "$(TARGET_NAME)";
				TEST_HOST = "$(BUILT_PRODUCTS_DIR)/Flight6.app/Flight6";
			};
			name = Debug;
		};
		0C0C77471D1663A3001C9F64 /* Release */ = {
			isa = XCBuildConfiguration;
			baseConfigurationReference = AA1B828C3C35C66CF70BC430 /* Pods-Flight6-Flight6Tests.release.xcconfig */;
			buildSettings = {
				BUNDLE_LOADER = "$(TEST_HOST)";
				FRAMEWORK_SEARCH_PATHS = (
					"$(SDKROOT)/Developer/Library/Frameworks",
					"$(inherited)",
					"$(PROJECT_DIR)/build/Debug-iphoneos/ChameleonFramework",
					"$(PROJECT_DIR)/build/Debug-iphoneos/KDCircularProgress",
					"$(PROJECT_DIR)/build/Debug-iphoneos/MZTimerLabel",
					"$(PROJECT_DIR)/build/Debug-iphoneos/MBCircularProgressBar",
				);
				INFOPLIST_FILE = Flight6Tests/Info.plist;
				LD_RUNPATH_SEARCH_PATHS = "$(inherited) @executable_path/Frameworks @loader_path/Frameworks";
				PRODUCT_NAME = "$(TARGET_NAME)";
				TEST_HOST = "$(BUILT_PRODUCTS_DIR)/Flight6.app/Flight6";
			};
			name = Release;
		};
/* End XCBuildConfiguration section */

/* Begin XCConfigurationList section */
		0C0C771E1D1663A3001C9F64 /* Build configuration list for PBXProject "Flight6" */ = {
			isa = XCConfigurationList;
			buildConfigurations = (
				0C0C77401D1663A3001C9F64 /* Debug */,
				0C0C77411D1663A3001C9F64 /* Release */,
			);
			defaultConfigurationIsVisible = 0;
			defaultConfigurationName = Release;
		};
		0C0C77421D1663A3001C9F64 /* Build configuration list for PBXNativeTarget "Flight6" */ = {
			isa = XCConfigurationList;
			buildConfigurations = (
				0C0C77431D1663A3001C9F64 /* Debug */,
				0C0C77441D1663A3001C9F64 /* Release */,
			);
			defaultConfigurationIsVisible = 0;
			defaultConfigurationName = Release;
		};
		0C0C77451D1663A3001C9F64 /* Build configuration list for PBXNativeTarget "Flight6Tests" */ = {
			isa = XCConfigurationList;
			buildConfigurations = (
				0C0C77461D1663A3001C9F64 /* Debug */,
				0C0C77471D1663A3001C9F64 /* Release */,
			);
			defaultConfigurationIsVisible = 0;
			defaultConfigurationName = Release;
		};
/* End XCConfigurationList section */
	};
	rootObject = 0C0C771B1D1663A3001C9F64 /* Project object */;
}
